
Microsoft Visual Studio Solution File, Format Version 12.00
# Visual Studio 15
Project("{FAE04EC0-301F-11D3-BF4B-00C04F79EFBC}") = "WebFormsHost", "WebFormsHost.csproj", "{A965A591-869C-4094-A6B4-785E0AF9B8D0}"
EndProject
Global
	GlobalSection(SolutionConfigurationPlatforms) = preSolution
		Debug|x86 = Debug|x86
		Release|x86 = Release|x86
	EndGlobalSection
	GlobalSection(ProjectConfigurationPlatforms) = postSolution
		{A965A591-869C-4094-A6B4-785E0AF9B8D0}.Debug|x86.ActiveCfg = Debug|x86
		{A965A591-869C-4094-A6B4-785E0AF9B8D0}.Debug|x86.Build.0 = Debug|x86
		{A965A591-869C-4094-A6B4-785E0AF9B8D0}.Release|x86.ActiveCfg = Release|x86
		{A965A591-869C-4094-A6B4-785E0AF9B8D0}.Release|x86.Build.0 = Release|x86
	EndGlobalSection
EndGlobal
